// !$*UTF8*$!
{
	archiveVersion = 1;
	classes = {
	};
	objectVersion = 46;
	objects = {

/* Begin PBXBuildFile section */
		9AB0E2281A5B7A800093CF4E /* AppDelegate.swift in Sources */ = {isa = PBXBuildFile; fileRef = 9AB0E2271A5B7A800093CF4E /* AppDelegate.swift */; };
		9AB0E22A1A5B7A800093CF4E /* ViewController.swift in Sources */ = {isa = PBXBuildFile; fileRef = 9AB0E2291A5B7A800093CF4E /* ViewController.swift */; };
		9AB0E22D1A5B7A800093CF4E /* Main.storyboard in Resources */ = {isa = PBXBuildFile; fileRef = 9AB0E22B1A5B7A800093CF4E /* Main.storyboard */; };
		9AB0E22F1A5B7A800093CF4E /* Images.xcassets in Resources */ = {isa = PBXBuildFile; fileRef = 9AB0E22E1A5B7A800093CF4E /* Images.xcassets */; };
		9AB0E2321A5B7A800093CF4E /* LaunchScreen.xib in Resources */ = {isa = PBXBuildFile; fileRef = 9AB0E2301A5B7A800093CF4E /* LaunchScreen.xib */; };
		9AB0E23E1A5B7A800093CF4E /* tipsTests.swift in Sources */ = {isa = PBXBuildFile; fileRef = 9AB0E23D1A5B7A800093CF4E /* tipsTests.swift */; };
/* End PBXBuildFile section */

/* Begin PBXContainerItemProxy section */
		9AB0E2381A5B7A800093CF4E /* PBXContainerItemProxy */ = {
			isa = PBXContainerItemProxy;
			containerPortal = 9AB0E21A1A5B7A800093CF4E /* Project object */;
			proxyType = 1;
			remoteGlobalIDString = 9AB0E2211A5B7A800093CF4E;
			remoteInfo = tips;
		};
/* End PBXContainerItemProxy section */

/* Begin PBXFileReference section */
		9AB0E2221A5B7A800093CF4E /* tips.app */ = {isa = PBXFileReference; explicitFileType = wrapper.application; includeInIndex = 0; path = tips.app; sourceTree = BUILT_PRODUCTS_DIR; };
		9AB0E2261A5B7A800093CF4E /* Info.plist */ = {isa = PBXFileReference; lastKnownFileType = text.plist.xml; path = Info.plist; sourceTree = "<group>"; };
		9AB0E2271A5B7A800093CF4E /* AppDelegate.swift */ = {isa = PBXFileReference; lastKnownFileType = sourcecode.swift; path = AppDelegate.swift; sourceTree = "<group>"; };
		9AB0E2291A5B7A800093CF4E /* ViewController.swift */ = {isa = PBXFileReference; lastKnownFileType = sourcecode.swift; path = ViewController.swift; sourceTree = "<group>"; };
		9AB0E22C1A5B7A800093CF4E /* Base */ = {isa = PBXFileReference; lastKnownFileType = file.storyboard; name = Base; path = Base.lproj/Main.storyboard; sourceTree = "<group>"; };
		9AB0E22E1A5B7A800093CF4E /* Images.xcassets */ = {isa = PBXFileReference; lastKnownFileType = folder.assetcatalog; path = Images.xcassets; sourceTree = "<group>"; };
		9AB0E2311A5B7A800093CF4E /* Base */ = {isa = PBXFileReference; lastKnownFileType = file.xib; name = Base; path = Base.lproj/LaunchScreen.xib; sourceTree = "<group>"; };
		9AB0E2371A5B7A800093CF4E /* tipsTests.xctest */ = {isa = PBXFileReference; explicitFileType = wrapper.cfbundle; includeInIndex = 0; path = tipsTests.xctest; sourceTree = BUILT_PRODUCTS_DIR; };
		9AB0E23C1A5B7A800093CF4E /* Info.plist */ = {isa = PBXFileReference; lastKnownFileType = text.plist.xml; path = Info.plist; sourceTree = "<group>"; };
		9AB0E23D1A5B7A800093CF4E /* tipsTests.swift */ = {isa = PBXFileReference; lastKnownFileType = sourcecode.swift; path = tipsTests.swift; sourceTree = "<group>"; };
/* End PBXFileReference section */

/* Begin PBXFrameworksBuildPhase section */
		9AB0E21F1A5B7A800093CF4E /* Frameworks */ = {
			isa = PBXFrameworksBuildPhase;
			buildActionMask = 2147483647;
			files = (
			);
			runOnlyForDeploymentPostprocessing = 0;
		};
		9AB0E2341A5B7A800093CF4E /* Frameworks */ = {
			isa = PBXFrameworksBuildPhase;
			buildActionMask = 2147483647;
			files = (
			);
			runOnlyForDeploymentPostprocessing = 0;
		};
/* End PBXFrameworksBuildPhase section */

/* Begin PBXGroup section */
		9AB0E2191A5B7A800093CF4E = {
			isa = PBXGroup;
			children = (
				9AB0E2241A5B7A800093CF4E /* tips */,
				9AB0E23A1A5B7A800093CF4E /* tipsTests */,
				9AB0E2231A5B7A800093CF4E /* Products */,
			);
			sourceTree = "<group>";
		};
		9AB0E2231A5B7A800093CF4E /* Products */ = {
			isa = PBXGroup;
			children = (
				9AB0E2221A5B7A800093CF4E /* tips.app */,
				9AB0E2371A5B7A800093CF4E /* tipsTests.xctest */,
			);
			name = Products;
			sourceTree = "<group>";
		};
		9AB0E2241A5B7A800093CF4E /* tips */ = {
			isa = PBXGroup;
			children = (
				9AB0E2271A5B7A800093CF4E /* AppDelegate.swift */,
				9AB0E2291A5B7A800093CF4E /* ViewController.swift */,
				9AB0E22B1A5B7A800093CF4E /* Main.storyboard */,
				9AB0E22E1A5B7A800093CF4E /* Images.xcassets */,
				9AB0E2301A5B7A800093CF4E /* LaunchScreen.xib */,
				9AB0E2251A5B7A800093CF4E /* Supporting Files */,
			);
			path = tips;
			sourceTree = "<group>";
		};
		9AB0E2251A5B7A800093CF4E /* Supporting Files */ = {
			isa = PBXGroup;
			children = (
				9AB0E2261A5B7A800093CF4E /* Info.plist */,
			);
			name = "Supporting Files";
			sourceTree = "<group>";
		};
		9AB0E23A1A5B7A800093CF4E /* tipsTests */ = {
			isa = PBXGroup;
			children = (
				9AB0E23D1A5B7A800093CF4E /* tipsTests.swift */,
				9AB0E23B1A5B7A800093CF4E /* Supporting Files */,
			);
			path = tipsTests;
			sourceTree = "<group>";
		};
		9AB0E23B1A5B7A800093CF4E /* Supporting Files */ = {
			isa = PBXGroup;
			children = (
				9AB0E23C1A5B7A800093CF4E /* Info.plist */,
			);
			name = "Supporting Files";
			sourceTree = "<group>";
		};
/* End PBXGroup section */

/* Begin PBXNativeTarget section */
		9AB0E2211A5B7A800093CF4E /* tips */ = {
			isa = PBXNativeTarget;
			buildConfigurationList = 9AB0E2411A5B7A800093CF4E /* Build configuration list for PBXNativeTarget "tips" */;
			buildPhases = (
				9AB0E21E1A5B7A800093CF4E /* Sources */,
				9AB0E21F1A5B7A800093CF4E /* Frameworks */,
				9AB0E2201A5B7A800093CF4E /* Resources */,
			);
			buildRules = (
			);
			dependencies = (
			);
			name = tips;
			productName = tips;
			productReference = 9AB0E2221A5B7A800093CF4E /* tips.app */;
			productType = "com.apple.product-type.application";
		};
		9AB0E2361A5B7A800093CF4E /* tipsTests */ = {
			isa = PBXNativeTarget;
			buildConfigurationList = 9AB0E2441A5B7A800093CF4E /* Build configuration list for PBXNativeTarget "tipsTests" */;
			buildPhases = (
				9AB0E2331A5B7A800093CF4E /* Sources */,
				9AB0E2341A5B7A800093CF4E /* Frameworks */,
				9AB0E2351A5B7A800093CF4E /* Resources */,
			);
			buildRules = (
			);
			dependencies = (
				9AB0E2391A5B7A800093CF4E /* PBXTargetDependency */,
			);
			name = tipsTests;
			productName = tipsTests;
			productReference = 9AB0E2371A5B7A800093CF4E /* tipsTests.xctest */;
			productType = "com.apple.product-type.bundle.unit-test";
		};
/* End PBXNativeTarget section */

/* Begin PBXProject section */
		9AB0E21A1A5B7A800093CF4E /* Project object */ = {
			isa = PBXProject;
			attributes = {
				LastUpgradeCheck = 0600;
				ORGANIZATIONNAME = codepath;
				TargetAttributes = {
					9AB0E2211A5B7A800093CF4E = {
						CreatedOnToolsVersion = 6.0.1;
					};
					9AB0E2361A5B7A800093CF4E = {
						CreatedOnToolsVersion = 6.0.1;
						TestTargetID = 9AB0E2211A5B7A800093CF4E;
					};
				};
			};
			buildConfigurationList = 9AB0E21D1A5B7A800093CF4E /* Build configuration list for PBXProject "tips" */;
			compatibilityVersion = "Xcode 3.2";
			developmentRegion = English;
			hasScannedForEncodings = 0;
			knownRegions = (
				en,
				Base,
			);
			mainGroup = 9AB0E2191A5B7A800093CF4E;
			productRefGroup = 9AB0E2231A5B7A800093CF4E /* Products */;
			projectDirPath = "";
			projectRoot = "";
			targets = (
				9AB0E2211A5B7A800093CF4E /* tips */,
				9AB0E2361A5B7A800093CF4E /* tipsTests */,
			);
		};
/* End PBXProject section */

/* Begin PBXResourcesBuildPhase section */
		9AB0E2201A5B7A800093CF4E /* Resources */ = {
			isa = PBXResourcesBuildPhase;
			buildActionMask = 2147483647;
			files = (
				9AB0E22D1A5B7A800093CF4E /* Main.storyboard in Resources */,
				9AB0E2321A5B7A800093CF4E /* LaunchScreen.xib in Resources */,
				9AB0E22F1A5B7A800093CF4E /* Images.xcassets in Resources */,
			);
			runOnlyForDeploymentPostprocessing = 0;
		};
		9AB0E2351A5B7A800093CF4E /* Resources */ = {
			isa = PBXResourcesBuildPhase;
			buildActionMask = 2147483647;
			files = (
			);
			runOnlyForDeploymentPostprocessing = 0;
		};
/* End PBXResourcesBuildPhase section */

/* Begin PBXSourcesBuildPhase section */
		9AB0E21E1A5B7A800093CF4E /* Sources */ = {
			isa = PBXSourcesBuildPhase;
			buildActionMask = 2147483647;
			files = (
				9AB0E22A1A5B7A800093CF4E /* ViewController.swift in Sources */,
				9AB0E2281A5B7A800093CF4E /* AppDelegate.swift in Sources */,
			);
			runOnlyForDeploymentPostprocessing = 0;
		};
		9AB0E2331A5B7A800093CF4E /* Sources */ = {
			isa = PBXSourcesBuildPhase;
			buildActionMask = 2147483647;
			files = (
				9AB0E23E1A5B7A800093CF4E /* tipsTests.swift in Sources */,
			);
			runOnlyForDeploymentPostprocessing = 0;
		};
/* End PBXSourcesBuildPhase section */

/* Begin PBXTargetDependency section */
		9AB0E2391A5B7A800093CF4E /* PBXTargetDependency */ = {
			isa = PBXTargetDependency;
			target = 9AB0E2211A5B7A800093CF4E /* tips */;
			targetProxy = 9AB0E2381A5B7A800093CF4E /* PBXContainerItemProxy */;
		};
/* End PBXTargetDependency section */

/* Begin PBXVariantGroup section */
		9AB0E22B1A5B7A800093CF4E /* Main.storyboard */ = {
			isa = PBXVariantGroup;
			children = (
				9AB0E22C1A5B7A800093CF4E /* Base */,
			);
			name = Main.storyboard;
			sourceTree = "<group>";
		};
		9AB0E2301A5B7A800093CF4E /* LaunchScreen.xib */ = {
			isa = PBXVariantGroup;
			children = (
				9AB0E2311A5B7A800093CF4E /* Base */,
			);
			name = LaunchScreen.xib;
			sourceTree = "<group>";
		};
/* End PBXVariantGroup section */

/* Begin XCBuildConfiguration section */
		9AB0E23F1A5B7A800093CF4E /* Debug */ = {
			isa = XCBuildConfiguration;
			buildSettings = {
				ALWAYS_SEARCH_USER_PATHS = NO;
				CLANG_CXX_LANGUAGE_STANDARD = "gnu++0x";
				CLANG_CXX_LIBRARY = "libc++";
				CLANG_ENABLE_MODULES = YES;
				CLANG_ENABLE_OBJC_ARC = YES;
				CLANG_WARN_BOOL_CONVERSION = YES;
				CLANG_WARN_CONSTANT_CONVERSION = YES;
				CLANG_WARN_DIRECT_OBJC_ISA_USAGE = YES_ERROR;
				CLANG_WARN_EMPTY_BODY = YES;
				CLANG_WARN_ENUM_CONVERSION = YES;
				CLANG_WARN_INT_CONVERSION = YES;
				CLANG_WARN_OBJC_ROOT_CLASS = YES_ERROR;
				CLANG_WARN_UNREACHABLE_CODE = YES;
				CLANG_WARN__DUPLICATE_METHOD_MATCH = YES;
				"CODE_SIGN_IDENTITY[sdk=iphoneos*]" = "iPhone Developer";
				COPY_PHASE_STRIP = NO;
				ENABLE_STRICT_OBJC_MSGSEND = YES;
				GCC_C_LANGUAGE_STANDARD = gnu99;
				GCC_DYNAMIC_NO_PIC = NO;
				GCC_OPTIMIZATION_LEVEL = 0;
				GCC_PREPROCESSOR_DEFINITIONS = (
					"DEBUG=1",
					"$(inherited)",
				);
				GCC_SYMBOLS_PRIVATE_EXTERN = NO;
				GCC_WARN_64_TO_32_BIT_CONVERSION = YES;
				GCC_WARN_ABOUT_RETURN_TYPE = YES_ERROR;
				GCC_WARN_UNDECLARED_SELECTOR = YES;
				GCC_WARN_UNINITIALIZED_AUTOS = YES_AGGRESSIVE;
				GCC_WARN_UNUSED_FUNCTION = YES;
				GCC_WARN_UNUSED_VARIABLE = YES;
				IPHONEOS_DEPLOYMENT_TARGET = 8.0;
				MTL_ENABLE_DEBUG_INFO = YES;
				ONLY_ACTIVE_ARCH = YES;
				SDKROOT = iphoneos;
				SWIFT_OPTIMIZATION_LEVEL = "-Onone";
			};
			name = Debug;
		};
		9AB0E2401A5B7A800093CF4E /* Release */ = {
			isa = XCBuildConfiguration;
			buildSettings = {
				ALWAYS_SEARCH_USER_PATHS = NO;
				CLANG_CXX_LANGUAGE_STANDARD = "gnu++0x";
				CLANG_CXX_LIBRARY = "libc++";
				CLANG_ENABLE_MODULES = YES;
				CLANG_ENABLE_OBJC_ARC = YES;
				CLANG_WARN_BOOL_CONVERSION = YES;
				CLANG_WARN_CONSTANT_CONVERSION = YES;
				CLANG_WARN_DIRECT_OBJC_ISA_USAGE = YES_ERROR;
				CLANG_WARN_EMPTY_BODY = YES;
				CLANG_WARN_ENUM_CONVERSION = YES;
				CLANG_WARN_INT_CONVERSION = YES;
				CLANG_WARN_OBJC_ROOT_CLASS = YES_ERROR;
				CLANG_WARN_UNREACHABLE_CODE = YES;
				CLANG_WARN__DUPLICATE_METHOD_MATCH = YES;
				"CODE_SIGN_IDENTITY[sdk=iphoneos*]" = "iPhone Developer";
				COPY_PHASE_STRIP = YES;
				ENABLE_NS_ASSERTIONS = NO;
				ENABLE_STRICT_OBJC_MSGSEND = YES;
				GCC_C_LANGUAGE_STANDARD = gnu99;
				GCC_WARN_64_TO_32_BIT_CONVERSION = YES;
				GCC_WARN_ABOUT_RETURN_TYPE = YES_ERROR;
				GCC_WARN_UNDECLARED_SELECTOR = YES;
				GCC_WARN_UNINITIALIZED_AUTOS = YES_AGGRESSIVE;
				GCC_WARN_UNUSED_FUNCTION = YES;
				GCC_WARN_UNUSED_VARIABLE = YES;
				IPHONEOS_DEPLOYMENT_TARGET = 8.0;
				MTL_ENABLE_DEBUG_INFO = NO;
				SDKROOT = iphoneos;
				VALIDATE_PRODUCT = YES;
			};
			name = Release;
		};
		9AB0E2421A5B7A800093CF4E /* Debug */ = {
			isa = XCBuildConfiguration;
			buildSettings = {
				ASSETCATALOG_COMPILER_APPICON_NAME = AppIcon;
				INFOPLIST_FILE = tips/Info.plist;
				IPHONEOS_DEPLOYMENT_TARGET = 7.0;
				LD_RUNPATH_SEARCH_PATHS = "$(inherited) @executable_path/Frameworks";
				PRODUCT_NAME = "$(TARGET_NAME)";
			};
			name = Debug;
		};
		9AB0E2431A5B7A800093CF4E /* Release */ = {
			isa = XCBuildConfiguration;
			buildSettings = {
				ASSETCATALOG_COMPILER_APPICON_NAME = AppIcon;
				INFOPLIST_FILE = tips/Info.plist;
				IPHONEOS_DEPLOYMENT_TARGET = 7.0;
				LD_RUNPATH_SEARCH_PATHS = "$(inherited) @executable_path/Frameworks";
				PRODUCT_NAME = "$(TARGET_NAME)";
			};
			name = Release;
		};
		9AB0E2451A5B7A800093CF4E /* Debug */ = {
			isa = XCBuildConfiguration;
			buildSettings = {
				BUNDLE_LOADER = "$(TEST_HOST)";
				FRAMEWORK_SEARCH_PATHS = (
					"$(SDKROOT)/Developer/Library/Frameworks",
					"$(inherited)",
				);
				GCC_PREPROCESSOR_DEFINITIONS = (
					"DEBUG=1",
					"$(inherited)",
				);
				INFOPLIST_FILE = tipsTests/Info.plist;
				LD_RUNPATH_SEARCH_PATHS = "$(inherited) @executable_path/Frameworks @loader_path/Frameworks";
				PRODUCT_NAME = "$(TARGET_NAME)";
				TEST_HOST = "$(BUILT_PRODUCTS_DIR)/tips.app/tips";
			};
			name = Debug;
		};
		9AB0E2461A5B7A800093CF4E /* Release */ = {
			isa = XCBuildConfiguration;
			buildSettings = {
				BUNDLE_LOADER = "$(TEST_HOST)";
				FRAMEWORK_SEARCH_PATHS = (
					"$(SDKROOT)/Developer/Library/Frameworks",
					"$(inherited)",
				);
				INFOPLIST_FILE = tipsTests/Info.plist;
				LD_RUNPATH_SEARCH_PATHS = "$(inherited) @executable_path/Frameworks @loader_path/Frameworks";
				PRODUCT_NAME = "$(TARGET_NAME)";
				TEST_HOST = "$(BUILT_PRODUCTS_DIR)/tips.app/tips";
			};
			name = Release;
		};
/* End XCBuildConfiguration section */

/* Begin XCConfigurationList section */
		9AB0E21D1A5B7A800093CF4E /* Build configuration list for PBXProject "tips" */ = {
			isa = XCConfigurationList;
			buildConfigurations = (
				9AB0E23F1A5B7A800093CF4E /* Debug */,
				9AB0E2401A5B7A800093CF4E /* Release */,
			);
			defaultConfigurationIsVisible = 0;
			defaultConfigurationName = Release;
		};
		9AB0E2411A5B7A800093CF4E /* Build configuration list for PBXNativeTarget "tips" */ = {
			isa = XCConfigurationList;
			buildConfigurations = (
				9AB0E2421A5B7A800093CF4E /* Debug */,
				9AB0E2431A5B7A800093CF4E /* Release */,
			);
			defaultConfigurationIsVisible = 0;
		};
		9AB0E2441A5B7A800093CF4E /* Build configuration list for PBXNativeTarget "tipsTests" */ = {
			isa = XCConfigurationList;
			buildConfigurations = (
				9AB0E2451A5B7A800093CF4E /* Debug */,
				9AB0E2461A5B7A800093CF4E /* Release */,
			);
			defaultConfigurationIsVisible = 0;
		};
/* End XCConfigurationList section */
	};
	rootObject = 9AB0E21A1A5B7A800093CF4E /* Project object */;
}
